
Microsoft Visual Studio Solution File, Format Version 12.00
# Visual Studio 15
VisualStudioVersion = 15.0.28307.902
MinimumVisualStudioVersion = 10.0.40219.1
Project("{8BC9CEB8-8B4A-11D0-8D11-00A0C91BC942}") = "Server-IA", "Server-IA\Server-IA.vcxproj", "{52305CE4-DAB2-4E7E-A5FA-209107DE9810}"
EndProject
Global
	GlobalSection(SolutionConfigurationPlatforms) = preSolution
		Debug|Win32 = Debug|Win32
		Release|Win32 = Release|Win32
	EndGlobalSection
	GlobalSection(ProjectConfigurationPlatforms) = postSolution
		{52305CE4-DAB2-4E7E-A5FA-209107DE9810}.Debug|Win32.ActiveCfg = Debug|Win32
		{52305CE4-DAB2-4E7E-A5FA-209107DE9810}.Debug|Win32.Build.0 = Debug|Win32
		{52305CE4-DAB2-4E7E-A5FA-209107DE9810}.Release|Win32.ActiveCfg = Release|Win32
		{52305CE4-DAB2-4E7E-A5FA-209107DE9810}.Release|Win32.Build.0 = Release|Win32
	EndGlobalSection
	GlobalSection(SolutionProperties) = preSolution
		HideSolutionNode = FALSE
	EndGlobalSection
	GlobalSection(ExtensibilityGlobals) = postSolution
		SolutionGuid = {B115B18B-7D4C-4F33-956B-48D80586C0AD}
	EndGlobalSection
EndGlobal
