<?xml version="1.0" encoding="utf-8"?>
<Project ToolsVersion="4.0" xmlns="http://schemas.microsoft.com/developer/msbuild/2003">
  <ItemGroup>
    <Filter Include="win32">
      <UniqueIdentifier>{84a8ebd7-7cf0-47f6-b75e-d441df67da40}</UniqueIdentifier>
    </Filter>
    <Filter Include="resource">
      <UniqueIdentifier>{715254bc-d70b-4ec5-bf29-467dd3ace079}</UniqueIdentifier>
    </Filter>
    <Filter Include="src">
      <UniqueIdentifier>{bb6c862e-70e9-49d9-81b7-3829a6f50471}</UniqueIdentifier>
    </Filter>
    <Filter Include="src\Systems">
      <UniqueIdentifier>{5bf5f02d-77b3-4ac8-bcc5-529bb359449d}</UniqueIdentifier>
    </Filter>
    <Filter Include="src\ECS_ENGINE">
      <UniqueIdentifier>{1421e286-08dc-46d2-a1f0-7f33f853df5a}</UniqueIdentifier>
    </Filter>
    <Filter Include="src\ECS_ENGINE\Components">
      <UniqueIdentifier>{c4bdb54a-aac7-4c0f-8680-7d5d161b247f}</UniqueIdentifier>
    </Filter>
    <Filter Include="src\ECS_ENGINE\Systems">
      <UniqueIdentifier>{bac84560-397c-420b-9f45-fc37891126af}</UniqueIdentifier>
    </Filter>
    <Filter Include="src\ECS_ENGINE\Entities">
      <UniqueIdentifier>{4b3d794b-a111-434a-8151-2a5f949013de}</UniqueIdentifier>
    </Filter>
    <Filter Include="src\Components">
      <UniqueIdentifier>{f8c6bd17-565c-43cf-b461-de4a14fc279e}</UniqueIdentifier>
    </Filter>
    <Filter Include="src\Graphics">
      <UniqueIdentifier>{427e63c1-9c8d-4d6e-9e7a-d3933df4e1e8}</UniqueIdentifier>
    </Filter>
    <Filter Include="src\Scenes">
      <UniqueIdentifier>{5194f9eb-1a80-4267-8b86-307f74ce843e}</UniqueIdentifier>
    </Filter>
  </ItemGroup>
  <ItemGroup>
    <ClCompile Include="main.cpp">
      <Filter>win32</Filter>
    </ClCompile>
    <ClCompile Include="..\Classes\AppDelegate.cpp">
      <Filter>src</Filter>
    </ClCompile>
    <ClCompile Include="..\Classes\ECS\Entities\EntityManager.cpp">
      <Filter>src\ECS_ENGINE\Entities</Filter>
    </ClCompile>
    <ClCompile Include="..\Classes\ECS\Entities\Entity.cpp">
      <Filter>src\ECS_ENGINE\Entities</Filter>
    </ClCompile>
    <ClCompile Include="..\Classes\ECS\ECSEngine.cpp">
      <Filter>src\ECS_ENGINE</Filter>
    </ClCompile>
    <ClCompile Include="..\Classes\ECS\Systems\SystemManager.cpp">
      <Filter>src\ECS_ENGINE\Systems</Filter>
    </ClCompile>
    <ClCompile Include="..\Classes\ECS\Systems\System.cpp">
      <Filter>src\ECS_ENGINE\Systems</Filter>
    </ClCompile>
    <ClCompile Include="..\Classes\Systems\RenderSystem.cpp">
      <Filter>src\Systems</Filter>
    </ClCompile>
    <ClCompile Include="..\Classes\ECS\Components\Component.cpp">
      <Filter>src\ECS_ENGINE\Components</Filter>
    </ClCompile>
    <ClCompile Include="..\Classes\ECS\EventManager.cpp">
      <Filter>src\ECS_ENGINE</Filter>
    </ClCompile>
    <ClCompile Include="..\Classes\Systems\InputSystem.cpp">
      <Filter>src\Systems</Filter>
    </ClCompile>
    <ClCompile Include="..\Classes\Systems\UISystem.cpp">
      <Filter>src\Systems</Filter>
    </ClCompile>
    <ClCompile Include="..\Classes\Systems\MovementSystem.cpp">
      <Filter>src\Systems</Filter>
    </ClCompile>
    <ClCompile Include="..\Classes\Systems\NetworkSystem.cpp">
      <Filter>src\Systems</Filter>
    </ClCompile>
    <ClCompile Include="..\Classes\Graphics\Graphics.cpp">
      <Filter>src\Graphics</Filter>
    </ClCompile>
    <ClCompile Include="..\Classes\Graphics\Interface.cpp">
      <Filter>src\Graphics</Filter>
    </ClCompile>
    <ClCompile Include="..\Classes\Systems\SpawnSystem.cpp">
      <Filter>src\Systems</Filter>
    </ClCompile>
    <ClCompile Include="..\Classes\Scenes\MainScene.cpp">
      <Filter>src\Scenes</Filter>
    </ClCompile>
  </ItemGroup>
  <ItemGroup>
    <ClInclude Include="main.h">
      <Filter>win32</Filter>
    </ClInclude>
    <ClInclude Include="..\Classes\AppDelegate.h">
      <Filter>src</Filter>
    </ClInclude>
    <ClInclude Include="..\Classes\ECS\Entities\Entity.h">
      <Filter>src\ECS_ENGINE\Entities</Filter>
    </ClInclude>
    <ClInclude Include="..\Classes\ECS\Entities\EntityManager.h">
      <Filter>src\ECS_ENGINE\Entities</Filter>
    </ClInclude>
    <ClInclude Include="..\Classes\ECS\ECSEngine.h">
      <Filter>src\ECS_ENGINE</Filter>
    </ClInclude>
    <ClInclude Include="..\Classes\ECS\Systems\SystemManager.h">
      <Filter>src\ECS_ENGINE\Systems</Filter>
    </ClInclude>
    <ClInclude Include="..\Classes\ECS\Systems\System.h">
      <Filter>src\ECS_ENGINE\Systems</Filter>
    </ClInclude>
    <ClInclude Include="..\Classes\Systems\RenderSystem.h">
      <Filter>src\Systems</Filter>
    </ClInclude>
    <ClInclude Include="..\Classes\Components\ComponentsList.h">
      <Filter>src\Components</Filter>
    </ClInclude>
    <ClInclude Include="..\Classes\ECS\Components\Component.h">
      <Filter>src\ECS_ENGINE\Components</Filter>
    </ClInclude>
    <ClInclude Include="..\Classes\Components\SpriteComponent.h">
      <Filter>src\Components</Filter>
    </ClInclude>
    <ClInclude Include="..\Classes\ECS\EventManager.h">
      <Filter>src\ECS_ENGINE</Filter>
    </ClInclude>
    <ClInclude Include="..\Classes\Systems\InputSystem.h">
      <Filter>src\Systems</Filter>
    </ClInclude>
    <ClInclude Include="..\Classes\ECS\EventList.h">
      <Filter>src\Systems</Filter>
    </ClInclude>
    <ClInclude Include="..\Classes\Systems\UISystem.h">
      <Filter>src\Systems</Filter>
    </ClInclude>
    <ClInclude Include="..\Classes\Systems\MovementSystem.h">
      <Filter>src\Systems</Filter>
    </ClInclude>
    <ClInclude Include="..\Classes\Systems\NetworkSystem.h">
      <Filter>src\Systems</Filter>
    </ClInclude>
    <ClInclude Include="..\Classes\Components\PositionComponent.h">
      <Filter>src\Components</Filter>
    </ClInclude>
    <ClInclude Include="..\Classes\Graphics\Graphics.h">
      <Filter>src\Graphics</Filter>
    </ClInclude>
    <ClInclude Include="..\Classes\Graphics\Interface.h">
      <Filter>src\Graphics</Filter>
    </ClInclude>
    <ClInclude Include="..\Classes\Systems\SpawnSystem.h">
      <Filter>src\Systems</Filter>
    </ClInclude>
    <ClInclude Include="..\Classes\Systems\IncludeSystems.h">
      <Filter>src\Systems</Filter>
    </ClInclude>
    <ClInclude Include="..\Classes\Components\IncludeComponents.h">
      <Filter>src\Components</Filter>
    </ClInclude>
    <ClInclude Include="..\Classes\Scenes\MainScene.h">
      <Filter>src\Scenes</Filter>
    </ClInclude>
  </ItemGroup>
  <ItemGroup>
    <ResourceCompile Include="game.rc">
      <Filter>resource</Filter>
    </ResourceCompile>
  </ItemGroup>
</Project>